PODS:
  - Alamofire (4.4.0)
  - SwiftLint (0.19.0)
  - SwiftyJSON (3.1.4)

DEPENDENCIES:
  - Alamofire (~> 4.4)
  - SwiftLint
  - SwiftyJSON

SPEC CHECKSUMS:
  Alamofire: dc44b1600b800eb63da6a19039a0083d62a6a62d
  SwiftLint: 3537a05b34060e78e7510f04fb7537d738247803
  SwiftyJSON: c2842d878f95482ffceec5709abc3d05680c0220

PODFILE CHECKSUM: 496ee2b28101cbea76236eb258902be9d5bfb2e4

COCOAPODS: 1.2.0
